
Microsoft Visual Studio Solution File, Format Version 12.00
# Visual Studio Version 16
VisualStudioVersion = 16.0.30611.23
MinimumVisualStudioVersion = 10.0.40219.1
Project("{9A19103F-16F7-4668-BE54-9A1E7A4F7556}") = "Weather App", "Weather App\Weather App.csproj", "{F267FD38-C6BE-4406-82F4-C637929D7E60}"
EndProject
Project("{FAE04EC0-301F-11D3-BF4B-00C04F79EFBC}") = "Unit Tests", "Unit Tests\Unit Tests.csproj", "{29FC453A-B36E-436B-87C8-A6A2980410DF}"
EndProject
Global
	GlobalSection(SolutionConfigurationPlatforms) = preSolution
		Debug|Any CPU = Debug|Any CPU
		Release|Any CPU = Release|Any CPU
	EndGlobalSection
	GlobalSection(ProjectConfigurationPlatforms) = postSolution
		{F267FD38-C6BE-4406-82F4-C637929D7E60}.Debug|Any CPU.ActiveCfg = Debug|Any CPU
		{F267FD38-C6BE-4406-82F4-C637929D7E60}.Debug|Any CPU.Build.0 = Debug|Any CPU
		{F267FD38-C6BE-4406-82F4-C637929D7E60}.Release|Any CPU.ActiveCfg = Release|Any CPU
		{F267FD38-C6BE-4406-82F4-C637929D7E60}.Release|Any CPU.Build.0 = Release|Any CPU
		{29FC453A-B36E-436B-87C8-A6A2980410DF}.Debug|Any CPU.ActiveCfg = Debug|Any CPU
		{29FC453A-B36E-436B-87C8-A6A2980410DF}.Debug|Any CPU.Build.0 = Debug|Any CPU
		{29FC453A-B36E-436B-87C8-A6A2980410DF}.Release|Any CPU.ActiveCfg = Release|Any CPU
		{29FC453A-B36E-436B-87C8-A6A2980410DF}.Release|Any CPU.Build.0 = Release|Any CPU
	EndGlobalSection
	GlobalSection(SolutionProperties) = preSolution
		HideSolutionNode = FALSE
	EndGlobalSection
	GlobalSection(ExtensibilityGlobals) = postSolution
		SolutionGuid = {C938E2CF-F608-4BCE-9E78-3128DD8F4AF2}
	EndGlobalSection
EndGlobal
